// !$*UTF8*$!
{
	archiveVersion = 1;
	classes = {
	};
	objectVersion = 46;
	objects = {

/* Begin PBXBuildFile section */
		D69953781C64640800714EAA /* AppDelegate.swift in Sources */ = {isa = PBXBuildFile; fileRef = D69953771C64640800714EAA /* AppDelegate.swift */; };
		D699537A1C64640800714EAA /* ViewController.swift in Sources */ = {isa = PBXBuildFile; fileRef = D69953791C64640800714EAA /* ViewController.swift */; };
		D699537D1C64640800714EAA /* Main.storyboard in Resources */ = {isa = PBXBuildFile; fileRef = D699537B1C64640800714EAA /* Main.storyboard */; };
		D699537F1C64640800714EAA /* Assets.xcassets in Resources */ = {isa = PBXBuildFile; fileRef = D699537E1C64640800714EAA /* Assets.xcassets */; };
		D69953821C64640800714EAA /* LaunchScreen.storyboard in Resources */ = {isa = PBXBuildFile; fileRef = D69953801C64640800714EAA /* LaunchScreen.storyboard */; };
		D699538D1C64640800714EAA /* swift1Tests.swift in Sources */ = {isa = PBXBuildFile; fileRef = D699538C1C64640800714EAA /* swift1Tests.swift */; };
		D69953981C64640800714EAA /* swift1UITests.swift in Sources */ = {isa = PBXBuildFile; fileRef = D69953971C64640800714EAA /* swift1UITests.swift */; };
/* End PBXBuildFile section */

/* Begin PBXContainerItemProxy section */
		D69953891C64640800714EAA /* PBXContainerItemProxy */ = {
			isa = PBXContainerItemProxy;
			containerPortal = D699536C1C64640800714EAA /* Project object */;
			proxyType = 1;
			remoteGlobalIDString = D69953731C64640800714EAA;
			remoteInfo = swift1;
		};
		D69953941C64640800714EAA /* PBXContainerItemProxy */ = {
			isa = PBXContainerItemProxy;
			containerPortal = D699536C1C64640800714EAA /* Project object */;
			proxyType = 1;
			remoteGlobalIDString = D69953731C64640800714EAA;
			remoteInfo = swift1;
		};
/* End PBXContainerItemProxy section */

/* Begin PBXFileReference section */
		D69953741C64640800714EAA /* swift1.app */ = {isa = PBXFileReference; explicitFileType = wrapper.application; includeInIndex = 0; path = swift1.app; sourceTree = BUILT_PRODUCTS_DIR; };
		D69953771C64640800714EAA /* AppDelegate.swift */ = {isa = PBXFileReference; lastKnownFileType = sourcecode.swift; path = AppDelegate.swift; sourceTree = "<group>"; };
		D69953791C64640800714EAA /* ViewController.swift */ = {isa = PBXFileReference; lastKnownFileType = sourcecode.swift; path = ViewController.swift; sourceTree = "<group>"; };
		D699537C1C64640800714EAA /* Base */ = {isa = PBXFileReference; lastKnownFileType = file.storyboard; name = Base; path = Base.lproj/Main.storyboard; sourceTree = "<group>"; };
		D699537E1C64640800714EAA /* Assets.xcassets */ = {isa = PBXFileReference; lastKnownFileType = folder.assetcatalog; path = Assets.xcassets; sourceTree = "<group>"; };
		D69953811C64640800714EAA /* Base */ = {isa = PBXFileReference; lastKnownFileType = file.storyboard; name = Base; path = Base.lproj/LaunchScreen.storyboard; sourceTree = "<group>"; };
		D69953831C64640800714EAA /* Info.plist */ = {isa = PBXFileReference; lastKnownFileType = text.plist.xml; path = Info.plist; sourceTree = "<group>"; };
		D69953881C64640800714EAA /* swift1Tests.xctest */ = {isa = PBXFileReference; explicitFileType = wrapper.cfbundle; includeInIndex = 0; path = swift1Tests.xctest; sourceTree = BUILT_PRODUCTS_DIR; };
		D699538C1C64640800714EAA /* swift1Tests.swift */ = {isa = PBXFileReference; lastKnownFileType = sourcecode.swift; path = swift1Tests.swift; sourceTree = "<group>"; };
		D699538E1C64640800714EAA /* Info.plist */ = {isa = PBXFileReference; lastKnownFileType = text.plist.xml; path = Info.plist; sourceTree = "<group>"; };
		D69953931C64640800714EAA /* swift1UITests.xctest */ = {isa = PBXFileReference; explicitFileType = wrapper.cfbundle; includeInIndex = 0; path = swift1UITests.xctest; sourceTree = BUILT_PRODUCTS_DIR; };
		D69953971C64640800714EAA /* swift1UITests.swift */ = {isa = PBXFileReference; lastKnownFileType = sourcecode.swift; path = swift1UITests.swift; sourceTree = "<group>"; };
		D69953991C64640800714EAA /* Info.plist */ = {isa = PBXFileReference; lastKnownFileType = text.plist.xml; path = Info.plist; sourceTree = "<group>"; };
/* End PBXFileReference section */

/* Begin PBXFrameworksBuildPhase section */
		D69953711C64640800714EAA /* Frameworks */ = {
			isa = PBXFrameworksBuildPhase;
			buildActionMask = 2147483647;
			files = (
			);
			runOnlyForDeploymentPostprocessing = 0;
		};
		D69953851C64640800714EAA /* Frameworks */ = {
			isa = PBXFrameworksBuildPhase;
			buildActionMask = 2147483647;
			files = (
			);
			runOnlyForDeploymentPostprocessing = 0;
		};
		D69953901C64640800714EAA /* Frameworks */ = {
			isa = PBXFrameworksBuildPhase;
			buildActionMask = 2147483647;
			files = (
			);
			runOnlyForDeploymentPostprocessing = 0;
		};
/* End PBXFrameworksBuildPhase section */

/* Begin PBXGroup section */
		D699536B1C64640800714EAA = {
			isa = PBXGroup;
			children = (
				D69953761C64640800714EAA /* swift1 */,
				D699538B1C64640800714EAA /* swift1Tests */,
				D69953961C64640800714EAA /* swift1UITests */,
				D69953751C64640800714EAA /* Products */,
			);
			sourceTree = "<group>";
		};
		D69953751C64640800714EAA /* Products */ = {
			isa = PBXGroup;
			children = (
				D69953741C64640800714EAA /* swift1.app */,
				D69953881C64640800714EAA /* swift1Tests.xctest */,
				D69953931C64640800714EAA /* swift1UITests.xctest */,
			);
			name = Products;
			sourceTree = "<group>";
		};
		D69953761C64640800714EAA /* swift1 */ = {
			isa = PBXGroup;
			children = (
				D69953771C64640800714EAA /* AppDelegate.swift */,
				D69953791C64640800714EAA /* ViewController.swift */,
				D699537B1C64640800714EAA /* Main.storyboard */,
				D699537E1C64640800714EAA /* Assets.xcassets */,
				D69953801C64640800714EAA /* LaunchScreen.storyboard */,
				D69953831C64640800714EAA /* Info.plist */,
			);
			path = swift1;
			sourceTree = "<group>";
		};
		D699538B1C64640800714EAA /* swift1Tests */ = {
			isa = PBXGroup;
			children = (
				D699538C1C64640800714EAA /* swift1Tests.swift */,
				D699538E1C64640800714EAA /* Info.plist */,
			);
			path = swift1Tests;
			sourceTree = "<group>";
		};
		D69953961C64640800714EAA /* swift1UITests */ = {
			isa = PBXGroup;
			children = (
				D69953971C64640800714EAA /* swift1UITests.swift */,
				D69953991C64640800714EAA /* Info.plist */,
			);
			path = swift1UITests;
			sourceTree = "<group>";
		};
/* End PBXGroup section */

/* Begin PBXNativeTarget section */
		D69953731C64640800714EAA /* swift1 */ = {
			isa = PBXNativeTarget;
			buildConfigurationList = D699539C1C64640800714EAA /* Build configuration list for PBXNativeTarget "swift1" */;
			buildPhases = (
				D69953701C64640800714EAA /* Sources */,
				D69953711C64640800714EAA /* Frameworks */,
				D69953721C64640800714EAA /* Resources */,
			);
			buildRules = (
			);
			dependencies = (
			);
			name = swift1;
			productName = swift1;
			productReference = D69953741C64640800714EAA /* swift1.app */;
			productType = "com.apple.product-type.application";
		};
		D69953871C64640800714EAA /* swift1Tests */ = {
			isa = PBXNativeTarget;
			buildConfigurationList = D699539F1C64640800714EAA /* Build configuration list for PBXNativeTarget "swift1Tests" */;
			buildPhases = (
				D69953841C64640800714EAA /* Sources */,
				D69953851C64640800714EAA /* Frameworks */,
				D69953861C64640800714EAA /* Resources */,
			);
			buildRules = (
			);
			dependencies = (
				D699538A1C64640800714EAA /* PBXTargetDependency */,
			);
			name = swift1Tests;
			productName = swift1Tests;
			productReference = D69953881C64640800714EAA /* swift1Tests.xctest */;
			productType = "com.apple.product-type.bundle.unit-test";
		};
		D69953921C64640800714EAA /* swift1UITests */ = {
			isa = PBXNativeTarget;
			buildConfigurationList = D69953A21C64640800714EAA /* Build configuration list for PBXNativeTarget "swift1UITests" */;
			buildPhases = (
				D699538F1C64640800714EAA /* Sources */,
				D69953901C64640800714EAA /* Frameworks */,
				D69953911C64640800714EAA /* Resources */,
			);
			buildRules = (
			);
			dependencies = (
				D69953951C64640800714EAA /* PBXTargetDependency */,
			);
			name = swift1UITests;
			productName = swift1UITests;
			productReference = D69953931C64640800714EAA /* swift1UITests.xctest */;
			productType = "com.apple.product-type.bundle.ui-testing";
		};
/* End PBXNativeTarget section */

/* Begin PBXProject section */
		D699536C1C64640800714EAA /* Project object */ = {
			isa = PBXProject;
			attributes = {
				LastSwiftUpdateCheck = 0720;
				LastUpgradeCheck = 0720;
				ORGANIZATIONNAME = "朱宏达";
				TargetAttributes = {
					D69953731C64640800714EAA = {
						CreatedOnToolsVersion = 7.2.1;
					};
					D69953871C64640800714EAA = {
						CreatedOnToolsVersion = 7.2.1;
						TestTargetID = D69953731C64640800714EAA;
					};
					D69953921C64640800714EAA = {
						CreatedOnToolsVersion = 7.2.1;
						TestTargetID = D69953731C64640800714EAA;
					};
				};
			};
			buildConfigurationList = D699536F1C64640800714EAA /* Build configuration list for PBXProject "swift1" */;
			compatibilityVersion = "Xcode 3.2";
			developmentRegion = English;
			hasScannedForEncodings = 0;
			knownRegions = (
				en,
				Base,
			);
			mainGroup = D699536B1C64640800714EAA;
			productRefGroup = D69953751C64640800714EAA /* Products */;
			projectDirPath = "";
			projectRoot = "";
			targets = (
				D69953731C64640800714EAA /* swift1 */,
				D69953871C64640800714EAA /* swift1Tests */,
				D69953921C64640800714EAA /* swift1UITests */,
			);
		};
/* End PBXProject section */

/* Begin PBXResourcesBuildPhase section */
		D69953721C64640800714EAA /* Resources */ = {
			isa = PBXResourcesBuildPhase;
			buildActionMask = 2147483647;
			files = (
				D69953821C64640800714EAA /* LaunchScreen.storyboard in Resources */,
				D699537F1C64640800714EAA /* Assets.xcassets in Resources */,
				D699537D1C64640800714EAA /* Main.storyboard in Resources */,
			);
			runOnlyForDeploymentPostprocessing = 0;
		};
		D69953861C64640800714EAA /* Resources */ = {
			isa = PBXResourcesBuildPhase;
			buildActionMask = 2147483647;
			files = (
			);
			runOnlyForDeploymentPostprocessing = 0;
		};
		D69953911C64640800714EAA /* Resources */ = {
			isa = PBXResourcesBuildPhase;
			buildActionMask = 2147483647;
			files = (
			);
			runOnlyForDeploymentPostprocessing = 0;
		};
/* End PBXResourcesBuildPhase section */

/* Begin PBXSourcesBuildPhase section */
		D69953701C64640800714EAA /* Sources */ = {
			isa = PBXSourcesBuildPhase;
			buildActionMask = 2147483647;
			files = (
				D699537A1C64640800714EAA /* ViewController.swift in Sources */,
				D69953781C64640800714EAA /* AppDelegate.swift in Sources */,
			);
			runOnlyForDeploymentPostprocessing = 0;
		};
		D69953841C64640800714EAA /* Sources */ = {
			isa = PBXSourcesBuildPhase;
			buildActionMask = 2147483647;
			files = (
				D699538D1C64640800714EAA /* swift1Tests.swift in Sources */,
			);
			runOnlyForDeploymentPostprocessing = 0;
		};
		D699538F1C64640800714EAA /* Sources */ = {
			isa = PBXSourcesBuildPhase;
			buildActionMask = 2147483647;
			files = (
				D69953981C64640800714EAA /* swift1UITests.swift in Sources */,
			);
			runOnlyForDeploymentPostprocessing = 0;
		};
/* End PBXSourcesBuildPhase section */

/* Begin PBXTargetDependency section */
		D699538A1C64640800714EAA /* PBXTargetDependency */ = {
			isa = PBXTargetDependency;
			target = D69953731C64640800714EAA /* swift1 */;
			targetProxy = D69953891C64640800714EAA /* PBXContainerItemProxy */;
		};
		D69953951C64640800714EAA /* PBXTargetDependency */ = {
			isa = PBXTargetDependency;
			target = D69953731C64640800714EAA /* swift1 */;
			targetProxy = D69953941C64640800714EAA /* PBXContainerItemProxy */;
		};
/* End PBXTargetDependency section */

/* Begin PBXVariantGroup section */
		D699537B1C64640800714EAA /* Main.storyboard */ = {
			isa = PBXVariantGroup;
			children = (
				D699537C1C64640800714EAA /* Base */,
			);
			name = Main.storyboard;
			sourceTree = "<group>";
		};
		D69953801C64640800714EAA /* LaunchScreen.storyboard */ = {
			isa = PBXVariantGroup;
			children = (
				D69953811C64640800714EAA /* Base */,
			);
			name = LaunchScreen.storyboard;
			sourceTree = "<group>";
		};
/* End PBXVariantGroup section */

/* Begin XCBuildConfiguration section */
		D699539A1C64640800714EAA /* Debug */ = {
			isa = XCBuildConfiguration;
			buildSettings = {
				ALWAYS_SEARCH_USER_PATHS = NO;
				CLANG_CXX_LANGUAGE_STANDARD = "gnu++0x";
				CLANG_CXX_LIBRARY = "libc++";
				CLANG_ENABLE_MODULES = YES;
				CLANG_ENABLE_OBJC_ARC = YES;
				CLANG_WARN_BOOL_CONVERSION = YES;
				CLANG_WARN_CONSTANT_CONVERSION = YES;
				CLANG_WARN_DIRECT_OBJC_ISA_USAGE = YES_ERROR;
				CLANG_WARN_EMPTY_BODY = YES;
				CLANG_WARN_ENUM_CONVERSION = YES;
				CLANG_WARN_INT_CONVERSION = YES;
				CLANG_WARN_OBJC_ROOT_CLASS = YES_ERROR;
				CLANG_WARN_UNREACHABLE_CODE = YES;
				CLANG_WARN__DUPLICATE_METHOD_MATCH = YES;
				"CODE_SIGN_IDENTITY[sdk=iphoneos*]" = "iPhone Developer";
				COPY_PHASE_STRIP = NO;
				DEBUG_INFORMATION_FORMAT = dwarf;
				ENABLE_STRICT_OBJC_MSGSEND = YES;
				ENABLE_TESTABILITY = YES;
				GCC_C_LANGUAGE_STANDARD = gnu99;
				GCC_DYNAMIC_NO_PIC = NO;
				GCC_NO_COMMON_BLOCKS = YES;
				GCC_OPTIMIZATION_LEVEL = 0;
				GCC_PREPROCESSOR_DEFINITIONS = (
					"DEBUG=1",
					"$(inherited)",
				);
				GCC_WARN_64_TO_32_BIT_CONVERSION = YES;
				GCC_WARN_ABOUT_RETURN_TYPE = YES_ERROR;
				GCC_WARN_UNDECLARED_SELECTOR = YES;
				GCC_WARN_UNINITIALIZED_AUTOS = YES_AGGRESSIVE;
				GCC_WARN_UNUSED_FUNCTION = YES;
				GCC_WARN_UNUSED_VARIABLE = YES;
				IPHONEOS_DEPLOYMENT_TARGET = 9.2;
				MTL_ENABLE_DEBUG_INFO = YES;
				ONLY_ACTIVE_ARCH = YES;
				SDKROOT = iphoneos;
				SWIFT_OPTIMIZATION_LEVEL = "-Onone";
				TARGETED_DEVICE_FAMILY = "1,2";
			};
			name = Debug;
		};
		D699539B1C64640800714EAA /* Release */ = {
			isa = XCBuildConfiguration;
			buildSettings = {
				ALWAYS_SEARCH_USER_PATHS = NO;
				CLANG_CXX_LANGUAGE_STANDARD = "gnu++0x";
				CLANG_CXX_LIBRARY = "libc++";
				CLANG_ENABLE_MODULES = YES;
				CLANG_ENABLE_OBJC_ARC = YES;
				CLANG_WARN_BOOL_CONVERSION = YES;
				CLANG_WARN_CONSTANT_CONVERSION = YES;
				CLANG_WARN_DIRECT_OBJC_ISA_USAGE = YES_ERROR;
				CLANG_WARN_EMPTY_BODY = YES;
				CLANG_WARN_ENUM_CONVERSION = YES;
				CLANG_WARN_INT_CONVERSION = YES;
				CLANG_WARN_OBJC_ROOT_CLASS = YES_ERROR;
				CLANG_WARN_UNREACHABLE_CODE = YES;
				CLANG_WARN__DUPLICATE_METHOD_MATCH = YES;
				"CODE_SIGN_IDENTITY[sdk=iphoneos*]" = "iPhone Developer";
				COPY_PHASE_STRIP = NO;
				DEBUG_INFORMATION_FORMAT = "dwarf-with-dsym";
				ENABLE_NS_ASSERTIONS = NO;
				ENABLE_STRICT_OBJC_MSGSEND = YES;
				GCC_C_LANGUAGE_STANDARD = gnu99;
				GCC_NO_COMMON_BLOCKS = YES;
				GCC_WARN_64_TO_32_BIT_CONVERSION = YES;
				GCC_WARN_ABOUT_RETURN_TYPE = YES_ERROR;
				GCC_WARN_UNDECLARED_SELECTOR = YES;
				GCC_WARN_UNINITIALIZED_AUTOS = YES_AGGRESSIVE;
				GCC_WARN_UNUSED_FUNCTION = YES;
				GCC_WARN_UNUSED_VARIABLE = YES;
				IPHONEOS_DEPLOYMENT_TARGET = 9.2;
				MTL_ENABLE_DEBUG_INFO = NO;
				SDKROOT = iphoneos;
				TARGETED_DEVICE_FAMILY = "1,2";
				VALIDATE_PRODUCT = YES;
			};
			name = Release;
		};
		D699539D1C64640800714EAA /* Debug */ = {
			isa = XCBuildConfiguration;
			buildSettings = {
				ASSETCATALOG_COMPILER_APPICON_NAME = AppIcon;
				INFOPLIST_FILE = swift1/Info.plist;
				LD_RUNPATH_SEARCH_PATHS = "$(inherited) @executable_path/Frameworks";
				PRODUCT_BUNDLE_IDENTIFIER = com.student.zhd.swift1;
				PRODUCT_NAME = "$(TARGET_NAME)";
			};
			name = Debug;
		};
		D699539E1C64640800714EAA /* Release */ = {
			isa = XCBuildConfiguration;
			buildSettings = {
				ASSETCATALOG_COMPILER_APPICON_NAME = AppIcon;
				INFOPLIST_FILE = swift1/Info.plist;
				LD_RUNPATH_SEARCH_PATHS = "$(inherited) @executable_path/Frameworks";
				PRODUCT_BUNDLE_IDENTIFIER = com.student.zhd.swift1;
				PRODUCT_NAME = "$(TARGET_NAME)";
			};
			name = Release;
		};
		D69953A01C64640800714EAA /* Debug */ = {
			isa = XCBuildConfiguration;
			buildSettings = {
				BUNDLE_LOADER = "$(TEST_HOST)";
				INFOPLIST_FILE = swift1Tests/Info.plist;
				LD_RUNPATH_SEARCH_PATHS = "$(inherited) @executable_path/Frameworks @loader_path/Frameworks";
				PRODUCT_BUNDLE_IDENTIFIER = com.student.zhd.swift1Tests;
				PRODUCT_NAME = "$(TARGET_NAME)";
				TEST_HOST = "$(BUILT_PRODUCTS_DIR)/swift1.app/swift1";
			};
			name = Debug;
		};
		D69953A11C64640800714EAA /* Release */ = {
			isa = XCBuildConfiguration;
			buildSettings = {
				BUNDLE_LOADER = "$(TEST_HOST)";
				INFOPLIST_FILE = swift1Tests/Info.plist;
				LD_RUNPATH_SEARCH_PATHS = "$(inherited) @executable_path/Frameworks @loader_path/Frameworks";
				PRODUCT_BUNDLE_IDENTIFIER = com.student.zhd.swift1Tests;
				PRODUCT_NAME = "$(TARGET_NAME)";
				TEST_HOST = "$(BUILT_PRODUCTS_DIR)/swift1.app/swift1";
			};
			name = Release;
		};
		D69953A31C64640800714EAA /* Debug */ = {
			isa = XCBuildConfiguration;
			buildSettings = {
				INFOPLIST_FILE = swift1UITests/Info.plist;
				LD_RUNPATH_SEARCH_PATHS = "$(inherited) @executable_path/Frameworks @loader_path/Frameworks";
				PRODUCT_BUNDLE_IDENTIFIER = com.student.zhd.swift1UITests;
				PRODUCT_NAME = "$(TARGET_NAME)";
				TEST_TARGET_NAME = swift1;
				USES_XCTRUNNER = YES;
			};
			name = Debug;
		};
		D69953A41C64640800714EAA /* Release */ = {
			isa = XCBuildConfiguration;
			buildSettings = {
				INFOPLIST_FILE = swift1UITests/Info.plist;
				LD_RUNPATH_SEARCH_PATHS = "$(inherited) @executable_path/Frameworks @loader_path/Frameworks";
				PRODUCT_BUNDLE_IDENTIFIER = com.student.zhd.swift1UITests;
				PRODUCT_NAME = "$(TARGET_NAME)";
				TEST_TARGET_NAME = swift1;
				USES_XCTRUNNER = YES;
			};
			name = Release;
		};
/* End XCBuildConfiguration section */

/* Begin XCConfigurationList section */
		D699536F1C64640800714EAA /* Build configuration list for PBXProject "swift1" */ = {
			isa = XCConfigurationList;
			buildConfigurations = (
				D699539A1C64640800714EAA /* Debug */,
				D699539B1C64640800714EAA /* Release */,
			);
			defaultConfigurationIsVisible = 0;
			defaultConfigurationName = Release;
		};
		D699539C1C64640800714EAA /* Build configuration list for PBXNativeTarget "swift1" */ = {
			isa = XCConfigurationList;
			buildConfigurations = (
				D699539D1C64640800714EAA /* Debug */,
				D699539E1C64640800714EAA /* Release */,
			);
			defaultConfigurationIsVisible = 0;
		};
		D699539F1C64640800714EAA /* Build configuration list for PBXNativeTarget "swift1Tests" */ = {
			isa = XCConfigurationList;
			buildConfigurations = (
				D69953A01C64640800714EAA /* Debug */,
				D69953A11C64640800714EAA /* Release */,
			);
			defaultConfigurationIsVisible = 0;
		};
		D69953A21C64640800714EAA /* Build configuration list for PBXNativeTarget "swift1UITests" */ = {
			isa = XCConfigurationList;
			buildConfigurations = (
				D69953A31C64640800714EAA /* Debug */,
				D69953A41C64640800714EAA /* Release */,
			);
			defaultConfigurationIsVisible = 0;
		};
/* End XCConfigurationList section */
	};
	rootObject = D699536C1C64640800714EAA /* Project object */;
}
